
Microsoft Visual Studio Solution File, Format Version 12.00
# Visual Studio Version 16
VisualStudioVersion = 16.0.32002.261
MinimumVisualStudioVersion = 10.0.40219.1
Project("{FAE04EC0-301F-11D3-BF4B-00C04F79EFBC}") = "Task 1.1", "Task 1.1\Task 1.1.csproj", "{B3EDC204-B03C-4876-9D30-149BD0530D66}"
EndProject
Global
	GlobalSection(SolutionConfigurationPlatforms) = preSolution
		Debug|Any CPU = Debug|Any CPU
		Release|Any CPU = Release|Any CPU
	EndGlobalSection
	GlobalSection(ProjectConfigurationPlatforms) = postSolution
		{B3EDC204-B03C-4876-9D30-149BD0530D66}.Debug|Any CPU.ActiveCfg = Debug|Any CPU
		{B3EDC204-B03C-4876-9D30-149BD0530D66}.Debug|Any CPU.Build.0 = Debug|Any CPU
		{B3EDC204-B03C-4876-9D30-149BD0530D66}.Release|Any CPU.ActiveCfg = Release|Any CPU
		{B3EDC204-B03C-4876-9D30-149BD0530D66}.Release|Any CPU.Build.0 = Release|Any CPU
	EndGlobalSection
	GlobalSection(SolutionProperties) = preSolution
		HideSolutionNode = FALSE
	EndGlobalSection
	GlobalSection(ExtensibilityGlobals) = postSolution
		SolutionGuid = {D6D15DB5-098F-4CAB-86DD-FC64923F4671}
	EndGlobalSection
EndGlobal
